
Microsoft Visual Studio Solution File, Format Version 12.00
Project("{FAE04EC0-301F-11D3-BF4B-00C04F79EFBC}") = "tareatr.cuatro", "tareatr.cuatro\tareatr.cuatro.csproj", "{4E577910-1356-4B5F-8A07-422115ED291B}"
EndProject
Global
	GlobalSection(SolutionConfigurationPlatforms) = preSolution
		Debug|Any CPU = Debug|Any CPU
		Release|Any CPU = Release|Any CPU
	EndGlobalSection
	GlobalSection(ProjectConfigurationPlatforms) = postSolution
		{4E577910-1356-4B5F-8A07-422115ED291B}.Debug|Any CPU.ActiveCfg = Debug|Any CPU
		{4E577910-1356-4B5F-8A07-422115ED291B}.Debug|Any CPU.Build.0 = Debug|Any CPU
		{4E577910-1356-4B5F-8A07-422115ED291B}.Release|Any CPU.ActiveCfg = Release|Any CPU
		{4E577910-1356-4B5F-8A07-422115ED291B}.Release|Any CPU.Build.0 = Release|Any CPU
	EndGlobalSection
EndGlobal
